// !$*UTF8*$!
{
	archiveVersion = 1;
	classes = {
	};
	objectVersion = 56;
	objects = {

/* Begin PBXBuildFile section */
		0227F5E52AA972F600F4F8C4 /* ListOrdersPresenter.swift in Sources */ = {isa = PBXBuildFile; fileRef = 0227F5DF2AA972F600F4F8C4 /* ListOrdersPresenter.swift */; };
		0227F5E62AA972F600F4F8C4 /* ListOrdersWorker.swift in Sources */ = {isa = PBXBuildFile; fileRef = 0227F5E02AA972F600F4F8C4 /* ListOrdersWorker.swift */; };
		0227F5E72AA972F600F4F8C4 /* ListOrdersRouter.swift in Sources */ = {isa = PBXBuildFile; fileRef = 0227F5E12AA972F600F4F8C4 /* ListOrdersRouter.swift */; };
		0227F5E82AA972F600F4F8C4 /* ListOrdersModels.swift in Sources */ = {isa = PBXBuildFile; fileRef = 0227F5E22AA972F600F4F8C4 /* ListOrdersModels.swift */; };
		0227F5E92AA972F600F4F8C4 /* ListOrdersViewController.swift in Sources */ = {isa = PBXBuildFile; fileRef = 0227F5E32AA972F600F4F8C4 /* ListOrdersViewController.swift */; };
		0227F5EA2AA972F600F4F8C4 /* ListOrdersInteractor.swift in Sources */ = {isa = PBXBuildFile; fileRef = 0227F5E42AA972F600F4F8C4 /* ListOrdersInteractor.swift */; };
		0227F5ED2AA97A7500F4F8C4 /* Order.swift in Sources */ = {isa = PBXBuildFile; fileRef = 0227F5EC2AA97A7500F4F8C4 /* Order.swift */; };
		0227F5EF2AA97AA700F4F8C4 /* Address.swift in Sources */ = {isa = PBXBuildFile; fileRef = 0227F5EE2AA97AA700F4F8C4 /* Address.swift */; };
		0227F5F12AA97AC100F4F8C4 /* ShipmentMethod.swift in Sources */ = {isa = PBXBuildFile; fileRef = 0227F5F02AA97AC100F4F8C4 /* ShipmentMethod.swift */; };
		0227F5F32AA97B1700F4F8C4 /* PaymentMethod.swift in Sources */ = {isa = PBXBuildFile; fileRef = 0227F5F22AA97B1700F4F8C4 /* PaymentMethod.swift */; };
		0227F5F62AA97C2500F4F8C4 /* OrdersMemStore.swift in Sources */ = {isa = PBXBuildFile; fileRef = 0227F5F52AA97C2500F4F8C4 /* OrdersMemStore.swift */; };
		0227F5F92AA97CAB00F4F8C4 /* OrdersWoker.swift in Sources */ = {isa = PBXBuildFile; fileRef = 0227F5F82AA97CAB00F4F8C4 /* OrdersWoker.swift */; };
		0227F6012AA98AB200F4F8C4 /* ShowOrderPresenter.swift in Sources */ = {isa = PBXBuildFile; fileRef = 0227F5FB2AA98AB200F4F8C4 /* ShowOrderPresenter.swift */; };
		0227F6022AA98AB200F4F8C4 /* ShowOrderWorker.swift in Sources */ = {isa = PBXBuildFile; fileRef = 0227F5FC2AA98AB200F4F8C4 /* ShowOrderWorker.swift */; };
		0227F6032AA98AB200F4F8C4 /* ShowOrderRouter.swift in Sources */ = {isa = PBXBuildFile; fileRef = 0227F5FD2AA98AB200F4F8C4 /* ShowOrderRouter.swift */; };
		0227F6042AA98AB200F4F8C4 /* ShowOrderModels.swift in Sources */ = {isa = PBXBuildFile; fileRef = 0227F5FE2AA98AB200F4F8C4 /* ShowOrderModels.swift */; };
		0227F6052AA98AB200F4F8C4 /* ShowOrderViewController.swift in Sources */ = {isa = PBXBuildFile; fileRef = 0227F5FF2AA98AB200F4F8C4 /* ShowOrderViewController.swift */; };
		0227F6062AA98AB200F4F8C4 /* ShowOrderInteractor.swift in Sources */ = {isa = PBXBuildFile; fileRef = 0227F6002AA98AB200F4F8C4 /* ShowOrderInteractor.swift */; };
		0227F60A2AA99AF000F4F8C4 /* ShowOrderFieldsTableViewCell.swift in Sources */ = {isa = PBXBuildFile; fileRef = 0227F6092AA99AF000F4F8C4 /* ShowOrderFieldsTableViewCell.swift */; };
		02D2C4F12AA889E400B8F0A6 /* AppDelegate.swift in Sources */ = {isa = PBXBuildFile; fileRef = 02D2C4F02AA889E400B8F0A6 /* AppDelegate.swift */; };
		02D2C4FA2AA889E500B8F0A6 /* Assets.xcassets in Resources */ = {isa = PBXBuildFile; fileRef = 02D2C4F92AA889E500B8F0A6 /* Assets.xcassets */; };
		02D2C4FD2AA889E500B8F0A6 /* LaunchScreen.storyboard in Resources */ = {isa = PBXBuildFile; fileRef = 02D2C4FB2AA889E500B8F0A6 /* LaunchScreen.storyboard */; };
		02D2C5432AA8B0D900B8F0A6 /* CreateOrderPresenter.swift in Sources */ = {isa = PBXBuildFile; fileRef = 02D2C53D2AA8B0D900B8F0A6 /* CreateOrderPresenter.swift */; };
		02D2C5442AA8B0D900B8F0A6 /* CreateOrderWorker.swift in Sources */ = {isa = PBXBuildFile; fileRef = 02D2C53E2AA8B0D900B8F0A6 /* CreateOrderWorker.swift */; };
		02D2C5452AA8B0D900B8F0A6 /* CreateOrderRouter.swift in Sources */ = {isa = PBXBuildFile; fileRef = 02D2C53F2AA8B0D900B8F0A6 /* CreateOrderRouter.swift */; };
		02D2C5462AA8B0D900B8F0A6 /* CreateOrderModels.swift in Sources */ = {isa = PBXBuildFile; fileRef = 02D2C5402AA8B0D900B8F0A6 /* CreateOrderModels.swift */; };
		02D2C5472AA8B0D900B8F0A6 /* CreateOrderViewController.swift in Sources */ = {isa = PBXBuildFile; fileRef = 02D2C5412AA8B0D900B8F0A6 /* CreateOrderViewController.swift */; };
		02D2C5482AA8B0D900B8F0A6 /* CreateOrderInteractor.swift in Sources */ = {isa = PBXBuildFile; fileRef = 02D2C5422AA8B0D900B8F0A6 /* CreateOrderInteractor.swift */; };
		02D2C54A2AA8B42100B8F0A6 /* CreateOrderTextFieldTableViewCell.swift in Sources */ = {isa = PBXBuildFile; fileRef = 02D2C5492AA8B42100B8F0A6 /* CreateOrderTextFieldTableViewCell.swift */; };
		02D2C54C2AA8C45900B8F0A6 /* CreateOrderSwitchTableViewCell.swift in Sources */ = {isa = PBXBuildFile; fileRef = 02D2C54B2AA8C45900B8F0A6 /* CreateOrderSwitchTableViewCell.swift */; };
/* End PBXBuildFile section */

/* Begin PBXFileReference section */
		0227F5DF2AA972F600F4F8C4 /* ListOrdersPresenter.swift */ = {isa = PBXFileReference; lastKnownFileType = sourcecode.swift; path = ListOrdersPresenter.swift; sourceTree = "<group>"; };
		0227F5E02AA972F600F4F8C4 /* ListOrdersWorker.swift */ = {isa = PBXFileReference; lastKnownFileType = sourcecode.swift; path = ListOrdersWorker.swift; sourceTree = "<group>"; };
		0227F5E12AA972F600F4F8C4 /* ListOrdersRouter.swift */ = {isa = PBXFileReference; lastKnownFileType = sourcecode.swift; path = ListOrdersRouter.swift; sourceTree = "<group>"; };
		0227F5E22AA972F600F4F8C4 /* ListOrdersModels.swift */ = {isa = PBXFileReference; lastKnownFileType = sourcecode.swift; path = ListOrdersModels.swift; sourceTree = "<group>"; };
		0227F5E32AA972F600F4F8C4 /* ListOrdersViewController.swift */ = {isa = PBXFileReference; lastKnownFileType = sourcecode.swift; path = ListOrdersViewController.swift; sourceTree = "<group>"; };
		0227F5E42AA972F600F4F8C4 /* ListOrdersInteractor.swift */ = {isa = PBXFileReference; lastKnownFileType = sourcecode.swift; path = ListOrdersInteractor.swift; sourceTree = "<group>"; };
		0227F5EC2AA97A7500F4F8C4 /* Order.swift */ = {isa = PBXFileReference; lastKnownFileType = sourcecode.swift; path = Order.swift; sourceTree = "<group>"; };
		0227F5EE2AA97AA700F4F8C4 /* Address.swift */ = {isa = PBXFileReference; lastKnownFileType = sourcecode.swift; path = Address.swift; sourceTree = "<group>"; };
		0227F5F02AA97AC100F4F8C4 /* ShipmentMethod.swift */ = {isa = PBXFileReference; lastKnownFileType = sourcecode.swift; path = ShipmentMethod.swift; sourceTree = "<group>"; };
		0227F5F22AA97B1700F4F8C4 /* PaymentMethod.swift */ = {isa = PBXFileReference; lastKnownFileType = sourcecode.swift; path = PaymentMethod.swift; sourceTree = "<group>"; };
		0227F5F52AA97C2500F4F8C4 /* OrdersMemStore.swift */ = {isa = PBXFileReference; lastKnownFileType = sourcecode.swift; path = OrdersMemStore.swift; sourceTree = "<group>"; };
		0227F5F82AA97CAB00F4F8C4 /* OrdersWoker.swift */ = {isa = PBXFileReference; lastKnownFileType = sourcecode.swift; path = OrdersWoker.swift; sourceTree = "<group>"; };
		0227F5FB2AA98AB200F4F8C4 /* ShowOrderPresenter.swift */ = {isa = PBXFileReference; lastKnownFileType = sourcecode.swift; path = ShowOrderPresenter.swift; sourceTree = "<group>"; };
		0227F5FC2AA98AB200F4F8C4 /* ShowOrderWorker.swift */ = {isa = PBXFileReference; lastKnownFileType = sourcecode.swift; path = ShowOrderWorker.swift; sourceTree = "<group>"; };
		0227F5FD2AA98AB200F4F8C4 /* ShowOrderRouter.swift */ = {isa = PBXFileReference; lastKnownFileType = sourcecode.swift; path = ShowOrderRouter.swift; sourceTree = "<group>"; };
		0227F5FE2AA98AB200F4F8C4 /* ShowOrderModels.swift */ = {isa = PBXFileReference; lastKnownFileType = sourcecode.swift; path = ShowOrderModels.swift; sourceTree = "<group>"; };
		0227F5FF2AA98AB200F4F8C4 /* ShowOrderViewController.swift */ = {isa = PBXFileReference; lastKnownFileType = sourcecode.swift; path = ShowOrderViewController.swift; sourceTree = "<group>"; };
		0227F6002AA98AB200F4F8C4 /* ShowOrderInteractor.swift */ = {isa = PBXFileReference; lastKnownFileType = sourcecode.swift; path = ShowOrderInteractor.swift; sourceTree = "<group>"; };
		0227F6082AA98EF200F4F8C4 /* README.md */ = {isa = PBXFileReference; lastKnownFileType = net.daringfireball.markdown; path = README.md; sourceTree = "<group>"; };
		0227F6092AA99AF000F4F8C4 /* ShowOrderFieldsTableViewCell.swift */ = {isa = PBXFileReference; lastKnownFileType = sourcecode.swift; path = ShowOrderFieldsTableViewCell.swift; sourceTree = "<group>"; };
		02D2C4ED2AA889E400B8F0A6 /* CleanStore.app */ = {isa = PBXFileReference; explicitFileType = wrapper.application; includeInIndex = 0; path = CleanStore.app; sourceTree = BUILT_PRODUCTS_DIR; };
		02D2C4F02AA889E400B8F0A6 /* AppDelegate.swift */ = {isa = PBXFileReference; lastKnownFileType = sourcecode.swift; path = AppDelegate.swift; sourceTree = "<group>"; };
		02D2C4F92AA889E500B8F0A6 /* Assets.xcassets */ = {isa = PBXFileReference; lastKnownFileType = folder.assetcatalog; path = Assets.xcassets; sourceTree = "<group>"; };
		02D2C4FC2AA889E500B8F0A6 /* Base */ = {isa = PBXFileReference; lastKnownFileType = file.storyboard; name = Base; path = Base.lproj/LaunchScreen.storyboard; sourceTree = "<group>"; };
		02D2C4FE2AA889E500B8F0A6 /* Info.plist */ = {isa = PBXFileReference; lastKnownFileType = text.plist.xml; path = Info.plist; sourceTree = "<group>"; };
		02D2C53D2AA8B0D900B8F0A6 /* CreateOrderPresenter.swift */ = {isa = PBXFileReference; lastKnownFileType = sourcecode.swift; path = CreateOrderPresenter.swift; sourceTree = "<group>"; };
		02D2C53E2AA8B0D900B8F0A6 /* CreateOrderWorker.swift */ = {isa = PBXFileReference; lastKnownFileType = sourcecode.swift; path = CreateOrderWorker.swift; sourceTree = "<group>"; };
		02D2C53F2AA8B0D900B8F0A6 /* CreateOrderRouter.swift */ = {isa = PBXFileReference; lastKnownFileType = sourcecode.swift; path = CreateOrderRouter.swift; sourceTree = "<group>"; };
		02D2C5402AA8B0D900B8F0A6 /* CreateOrderModels.swift */ = {isa = PBXFileReference; lastKnownFileType = sourcecode.swift; path = CreateOrderModels.swift; sourceTree = "<group>"; };
		02D2C5412AA8B0D900B8F0A6 /* CreateOrderViewController.swift */ = {isa = PBXFileReference; lastKnownFileType = sourcecode.swift; path = CreateOrderViewController.swift; sourceTree = "<group>"; };
		02D2C5422AA8B0D900B8F0A6 /* CreateOrderInteractor.swift */ = {isa = PBXFileReference; lastKnownFileType = sourcecode.swift; path = CreateOrderInteractor.swift; sourceTree = "<group>"; };
		02D2C5492AA8B42100B8F0A6 /* CreateOrderTextFieldTableViewCell.swift */ = {isa = PBXFileReference; lastKnownFileType = sourcecode.swift; path = CreateOrderTextFieldTableViewCell.swift; sourceTree = "<group>"; };
		02D2C54B2AA8C45900B8F0A6 /* CreateOrderSwitchTableViewCell.swift */ = {isa = PBXFileReference; lastKnownFileType = sourcecode.swift; path = CreateOrderSwitchTableViewCell.swift; sourceTree = "<group>"; };
/* End PBXFileReference section */

/* Begin PBXFrameworksBuildPhase section */
		02D2C4EA2AA889E400B8F0A6 /* Frameworks */ = {
			isa = PBXFrameworksBuildPhase;
			buildActionMask = 2147483647;
			files = (
			);
			runOnlyForDeploymentPostprocessing = 0;
		};
/* End PBXFrameworksBuildPhase section */

/* Begin PBXGroup section */
		0227F5DE2AA972DC00F4F8C4 /* ListOrders */ = {
			isa = PBXGroup;
			children = (
				0227F5E32AA972F600F4F8C4 /* ListOrdersViewController.swift */,
				0227F5E42AA972F600F4F8C4 /* ListOrdersInteractor.swift */,
				0227F5DF2AA972F600F4F8C4 /* ListOrdersPresenter.swift */,
				0227F5E02AA972F600F4F8C4 /* ListOrdersWorker.swift */,
				0227F5E12AA972F600F4F8C4 /* ListOrdersRouter.swift */,
				0227F5E22AA972F600F4F8C4 /* ListOrdersModels.swift */,
			);
			path = ListOrders;
			sourceTree = "<group>";
		};
		0227F5EB2AA97A3400F4F8C4 /* Models */ = {
			isa = PBXGroup;
			children = (
				0227F5EC2AA97A7500F4F8C4 /* Order.swift */,
				0227F5EE2AA97AA700F4F8C4 /* Address.swift */,
				0227F5F02AA97AC100F4F8C4 /* ShipmentMethod.swift */,
				0227F5F22AA97B1700F4F8C4 /* PaymentMethod.swift */,
			);
			path = Models;
			sourceTree = "<group>";
		};
		0227F5F42AA97C1700F4F8C4 /* Services */ = {
			isa = PBXGroup;
			children = (
				0227F5F52AA97C2500F4F8C4 /* OrdersMemStore.swift */,
			);
			path = Services;
			sourceTree = "<group>";
		};
		0227F5F72AA97C9100F4F8C4 /* Workers */ = {
			isa = PBXGroup;
			children = (
				0227F5F82AA97CAB00F4F8C4 /* OrdersWoker.swift */,
			);
			path = Workers;
			sourceTree = "<group>";
		};
		0227F5FA2AA98A7900F4F8C4 /* ShowOrder */ = {
			isa = PBXGroup;
			children = (
				0227F5FF2AA98AB200F4F8C4 /* ShowOrderViewController.swift */,
				0227F6002AA98AB200F4F8C4 /* ShowOrderInteractor.swift */,
				0227F5FB2AA98AB200F4F8C4 /* ShowOrderPresenter.swift */,
				0227F5FC2AA98AB200F4F8C4 /* ShowOrderWorker.swift */,
				0227F5FD2AA98AB200F4F8C4 /* ShowOrderRouter.swift */,
				0227F5FE2AA98AB200F4F8C4 /* ShowOrderModels.swift */,
				0227F6092AA99AF000F4F8C4 /* ShowOrderFieldsTableViewCell.swift */,
			);
			path = ShowOrder;
			sourceTree = "<group>";
		};
		02D2C4E42AA889E400B8F0A6 = {
			isa = PBXGroup;
			children = (
				0227F6082AA98EF200F4F8C4 /* README.md */,
				02D2C4EF2AA889E400B8F0A6 /* CleanStore */,
				02D2C4EE2AA889E400B8F0A6 /* Products */,
			);
			sourceTree = "<group>";
		};
		02D2C4EE2AA889E400B8F0A6 /* Products */ = {
			isa = PBXGroup;
			children = (
				02D2C4ED2AA889E400B8F0A6 /* CleanStore.app */,
			);
			name = Products;
			sourceTree = "<group>";
		};
		02D2C4EF2AA889E400B8F0A6 /* CleanStore */ = {
			isa = PBXGroup;
			children = (
				0227F5EB2AA97A3400F4F8C4 /* Models */,
				0227F5F42AA97C1700F4F8C4 /* Services */,
				0227F5F72AA97C9100F4F8C4 /* Workers */,
				02D2C53B2AA8B07800B8F0A6 /* Scenes */,
				02D2C53A2AA8B05D00B8F0A6 /* Supporting Files */,
				02D2C5392AA8B04E00B8F0A6 /* App */,
			);
			path = CleanStore;
			sourceTree = "<group>";
		};
		02D2C5392AA8B04E00B8F0A6 /* App */ = {
			isa = PBXGroup;
			children = (
				02D2C4F02AA889E400B8F0A6 /* AppDelegate.swift */,
			);
			path = App;
			sourceTree = "<group>";
		};
		02D2C53A2AA8B05D00B8F0A6 /* Supporting Files */ = {
			isa = PBXGroup;
			children = (
				02D2C4F92AA889E500B8F0A6 /* Assets.xcassets */,
				02D2C4FB2AA889E500B8F0A6 /* LaunchScreen.storyboard */,
				02D2C4FE2AA889E500B8F0A6 /* Info.plist */,
			);
			name = "Supporting Files";
			sourceTree = "<group>";
		};
		02D2C53B2AA8B07800B8F0A6 /* Scenes */ = {
			isa = PBXGroup;
			children = (
				0227F5FA2AA98A7900F4F8C4 /* ShowOrder */,
				0227F5DE2AA972DC00F4F8C4 /* ListOrders */,
				02D2C53C2AA8B08C00B8F0A6 /* CreateOrder */,
			);
			path = Scenes;
			sourceTree = "<group>";
		};
		02D2C53C2AA8B08C00B8F0A6 /* CreateOrder */ = {
			isa = PBXGroup;
			children = (
				02D2C5412AA8B0D900B8F0A6 /* CreateOrderViewController.swift */,
				02D2C5422AA8B0D900B8F0A6 /* CreateOrderInteractor.swift */,
				02D2C53D2AA8B0D900B8F0A6 /* CreateOrderPresenter.swift */,
				02D2C53E2AA8B0D900B8F0A6 /* CreateOrderWorker.swift */,
				02D2C53F2AA8B0D900B8F0A6 /* CreateOrderRouter.swift */,
				02D2C5402AA8B0D900B8F0A6 /* CreateOrderModels.swift */,
				02D2C5492AA8B42100B8F0A6 /* CreateOrderTextFieldTableViewCell.swift */,
				02D2C54B2AA8C45900B8F0A6 /* CreateOrderSwitchTableViewCell.swift */,
			);
			path = CreateOrder;
			sourceTree = "<group>";
		};
/* End PBXGroup section */

/* Begin PBXNativeTarget section */
		02D2C4EC2AA889E400B8F0A6 /* CleanStore */ = {
			isa = PBXNativeTarget;
			buildConfigurationList = 02D2C5012AA889E500B8F0A6 /* Build configuration list for PBXNativeTarget "CleanStore" */;
			buildPhases = (
				02D2C4E92AA889E400B8F0A6 /* Sources */,
				02D2C4EA2AA889E400B8F0A6 /* Frameworks */,
				02D2C4EB2AA889E400B8F0A6 /* Resources */,
			);
			buildRules = (
			);
			dependencies = (
			);
			name = CleanStore;
			productName = CleanStore;
			productReference = 02D2C4ED2AA889E400B8F0A6 /* CleanStore.app */;
			productType = "com.apple.product-type.application";
		};
/* End PBXNativeTarget section */

/* Begin PBXProject section */
		02D2C4E52AA889E400B8F0A6 /* Project object */ = {
			isa = PBXProject;
			attributes = {
				BuildIndependentTargetsInParallel = 1;
				LastSwiftUpdateCheck = 1430;
				LastUpgradeCheck = 1430;
				TargetAttributes = {
					02D2C4EC2AA889E400B8F0A6 = {
						CreatedOnToolsVersion = 14.3.1;
					};
				};
			};
			buildConfigurationList = 02D2C4E82AA889E400B8F0A6 /* Build configuration list for PBXProject "CleanStore" */;
			compatibilityVersion = "Xcode 14.0";
			developmentRegion = en;
			hasScannedForEncodings = 0;
			knownRegions = (
				en,
				Base,
			);
			mainGroup = 02D2C4E42AA889E400B8F0A6;
			productRefGroup = 02D2C4EE2AA889E400B8F0A6 /* Products */;
			projectDirPath = "";
			projectRoot = "";
			targets = (
				02D2C4EC2AA889E400B8F0A6 /* CleanStore */,
			);
		};
/* End PBXProject section */

/* Begin PBXResourcesBuildPhase section */
		02D2C4EB2AA889E400B8F0A6 /* Resources */ = {
			isa = PBXResourcesBuildPhase;
			buildActionMask = 2147483647;
			files = (
				02D2C4FD2AA889E500B8F0A6 /* LaunchScreen.storyboard in Resources */,
				02D2C4FA2AA889E500B8F0A6 /* Assets.xcassets in Resources */,
			);
			runOnlyForDeploymentPostprocessing = 0;
		};
/* End PBXResourcesBuildPhase section */

/* Begin PBXSourcesBuildPhase section */
		02D2C4E92AA889E400B8F0A6 /* Sources */ = {
			isa = PBXSourcesBuildPhase;
			buildActionMask = 2147483647;
			files = (
				02D2C4F12AA889E400B8F0A6 /* AppDelegate.swift in Sources */,
				0227F5E62AA972F600F4F8C4 /* ListOrdersWorker.swift in Sources */,
				0227F5F62AA97C2500F4F8C4 /* OrdersMemStore.swift in Sources */,
				0227F5ED2AA97A7500F4F8C4 /* Order.swift in Sources */,
				0227F5EA2AA972F600F4F8C4 /* ListOrdersInteractor.swift in Sources */,
				02D2C54C2AA8C45900B8F0A6 /* CreateOrderSwitchTableViewCell.swift in Sources */,
				0227F6062AA98AB200F4F8C4 /* ShowOrderInteractor.swift in Sources */,
				0227F5E82AA972F600F4F8C4 /* ListOrdersModels.swift in Sources */,
				02D2C5472AA8B0D900B8F0A6 /* CreateOrderViewController.swift in Sources */,
				02D2C5442AA8B0D900B8F0A6 /* CreateOrderWorker.swift in Sources */,
				0227F5E72AA972F600F4F8C4 /* ListOrdersRouter.swift in Sources */,
				0227F6052AA98AB200F4F8C4 /* ShowOrderViewController.swift in Sources */,
				02D2C5462AA8B0D900B8F0A6 /* CreateOrderModels.swift in Sources */,
				0227F5F12AA97AC100F4F8C4 /* ShipmentMethod.swift in Sources */,
				02D2C5432AA8B0D900B8F0A6 /* CreateOrderPresenter.swift in Sources */,
				02D2C5452AA8B0D900B8F0A6 /* CreateOrderRouter.swift in Sources */,
				0227F6032AA98AB200F4F8C4 /* ShowOrderRouter.swift in Sources */,
				0227F5EF2AA97AA700F4F8C4 /* Address.swift in Sources */,
				02D2C54A2AA8B42100B8F0A6 /* CreateOrderTextFieldTableViewCell.swift in Sources */,
				0227F5E92AA972F600F4F8C4 /* ListOrdersViewController.swift in Sources */,
				0227F5F92AA97CAB00F4F8C4 /* OrdersWoker.swift in Sources */,
				02D2C5482AA8B0D900B8F0A6 /* CreateOrderInteractor.swift in Sources */,
				0227F5F32AA97B1700F4F8C4 /* PaymentMethod.swift in Sources */,
				0227F6022AA98AB200F4F8C4 /* ShowOrderWorker.swift in Sources */,
				0227F60A2AA99AF000F4F8C4 /* ShowOrderFieldsTableViewCell.swift in Sources */,
				0227F6042AA98AB200F4F8C4 /* ShowOrderModels.swift in Sources */,
				0227F6012AA98AB200F4F8C4 /* ShowOrderPresenter.swift in Sources */,
				0227F5E52AA972F600F4F8C4 /* ListOrdersPresenter.swift in Sources */,
			);
			runOnlyForDeploymentPostprocessing = 0;
		};
/* End PBXSourcesBuildPhase section */

/* Begin PBXVariantGroup section */
		02D2C4FB2AA889E500B8F0A6 /* LaunchScreen.storyboard */ = {
			isa = PBXVariantGroup;
			children = (
				02D2C4FC2AA889E500B8F0A6 /* Base */,
			);
			name = LaunchScreen.storyboard;
			sourceTree = "<group>";
		};
/* End PBXVariantGroup section */

/* Begin XCBuildConfiguration section */
		02D2C4FF2AA889E500B8F0A6 /* Debug */ = {
			isa = XCBuildConfiguration;
			buildSettings = {
				ALWAYS_SEARCH_USER_PATHS = NO;
				CLANG_ANALYZER_NONNULL = YES;
				CLANG_ANALYZER_NUMBER_OBJECT_CONVERSION = YES_AGGRESSIVE;
				CLANG_CXX_LANGUAGE_STANDARD = "gnu++20";
				CLANG_ENABLE_MODULES = YES;
				CLANG_ENABLE_OBJC_ARC = YES;
				CLANG_ENABLE_OBJC_WEAK = YES;
				CLANG_WARN_BLOCK_CAPTURE_AUTORELEASING = YES;
				CLANG_WARN_BOOL_CONVERSION = YES;
				CLANG_WARN_COMMA = YES;
				CLANG_WARN_CONSTANT_CONVERSION = YES;
				CLANG_WARN_DEPRECATED_OBJC_IMPLEMENTATIONS = YES;
				CLANG_WARN_DIRECT_OBJC_ISA_USAGE = YES_ERROR;
				CLANG_WARN_DOCUMENTATION_COMMENTS = YES;
				CLANG_WARN_EMPTY_BODY = YES;
				CLANG_WARN_ENUM_CONVERSION = YES;
				CLANG_WARN_INFINITE_RECURSION = YES;
				CLANG_WARN_INT_CONVERSION = YES;
				CLANG_WARN_NON_LITERAL_NULL_CONVERSION = YES;
				CLANG_WARN_OBJC_IMPLICIT_RETAIN_SELF = YES;
				CLANG_WARN_OBJC_LITERAL_CONVERSION = YES;
				CLANG_WARN_OBJC_ROOT_CLASS = YES_ERROR;
				CLANG_WARN_QUOTED_INCLUDE_IN_FRAMEWORK_HEADER = YES;
				CLANG_WARN_RANGE_LOOP_ANALYSIS = YES;
				CLANG_WARN_STRICT_PROTOTYPES = YES;
				CLANG_WARN_SUSPICIOUS_MOVE = YES;
				CLANG_WARN_UNGUARDED_AVAILABILITY = YES_AGGRESSIVE;
				CLANG_WARN_UNREACHABLE_CODE = YES;
				CLANG_WARN__DUPLICATE_METHOD_MATCH = YES;
				COPY_PHASE_STRIP = NO;
				DEBUG_INFORMATION_FORMAT = dwarf;
				ENABLE_STRICT_OBJC_MSGSEND = YES;
				ENABLE_TESTABILITY = YES;
				GCC_C_LANGUAGE_STANDARD = gnu11;
				GCC_DYNAMIC_NO_PIC = NO;
				GCC_NO_COMMON_BLOCKS = YES;
				GCC_OPTIMIZATION_LEVEL = 0;
				GCC_PREPROCESSOR_DEFINITIONS = (
					"DEBUG=1",
					"$(inherited)",
				);
				GCC_WARN_64_TO_32_BIT_CONVERSION = YES;
				GCC_WARN_ABOUT_RETURN_TYPE = YES_ERROR;
				GCC_WARN_UNDECLARED_SELECTOR = YES;
				GCC_WARN_UNINITIALIZED_AUTOS = YES_AGGRESSIVE;
				GCC_WARN_UNUSED_FUNCTION = YES;
				GCC_WARN_UNUSED_VARIABLE = YES;
				IPHONEOS_DEPLOYMENT_TARGET = 16.4;
				MTL_ENABLE_DEBUG_INFO = INCLUDE_SOURCE;
				MTL_FAST_MATH = YES;
				ONLY_ACTIVE_ARCH = YES;
				SDKROOT = iphoneos;
				SWIFT_ACTIVE_COMPILATION_CONDITIONS = DEBUG;
				SWIFT_OPTIMIZATION_LEVEL = "-Onone";
			};
			name = Debug;
		};
		02D2C5002AA889E500B8F0A6 /* Release */ = {
			isa = XCBuildConfiguration;
			buildSettings = {
				ALWAYS_SEARCH_USER_PATHS = NO;
				CLANG_ANALYZER_NONNULL = YES;
				CLANG_ANALYZER_NUMBER_OBJECT_CONVERSION = YES_AGGRESSIVE;
				CLANG_CXX_LANGUAGE_STANDARD = "gnu++20";
				CLANG_ENABLE_MODULES = YES;
				CLANG_ENABLE_OBJC_ARC = YES;
				CLANG_ENABLE_OBJC_WEAK = YES;
				CLANG_WARN_BLOCK_CAPTURE_AUTORELEASING = YES;
				CLANG_WARN_BOOL_CONVERSION = YES;
				CLANG_WARN_COMMA = YES;
				CLANG_WARN_CONSTANT_CONVERSION = YES;
				CLANG_WARN_DEPRECATED_OBJC_IMPLEMENTATIONS = YES;
				CLANG_WARN_DIRECT_OBJC_ISA_USAGE = YES_ERROR;
				CLANG_WARN_DOCUMENTATION_COMMENTS = YES;
				CLANG_WARN_EMPTY_BODY = YES;
				CLANG_WARN_ENUM_CONVERSION = YES;
				CLANG_WARN_INFINITE_RECURSION = YES;
				CLANG_WARN_INT_CONVERSION = YES;
				CLANG_WARN_NON_LITERAL_NULL_CONVERSION = YES;
				CLANG_WARN_OBJC_IMPLICIT_RETAIN_SELF = YES;
				CLANG_WARN_OBJC_LITERAL_CONVERSION = YES;
				CLANG_WARN_OBJC_ROOT_CLASS = YES_ERROR;
				CLANG_WARN_QUOTED_INCLUDE_IN_FRAMEWORK_HEADER = YES;
				CLANG_WARN_RANGE_LOOP_ANALYSIS = YES;
				CLANG_WARN_STRICT_PROTOTYPES = YES;
				CLANG_WARN_SUSPICIOUS_MOVE = YES;
				CLANG_WARN_UNGUARDED_AVAILABILITY = YES_AGGRESSIVE;
				CLANG_WARN_UNREACHABLE_CODE = YES;
				CLANG_WARN__DUPLICATE_METHOD_MATCH = YES;
				COPY_PHASE_STRIP = NO;
				DEBUG_INFORMATION_FORMAT = "dwarf-with-dsym";
				ENABLE_NS_ASSERTIONS = NO;
				ENABLE_STRICT_OBJC_MSGSEND = YES;
				GCC_C_LANGUAGE_STANDARD = gnu11;
				GCC_NO_COMMON_BLOCKS = YES;
				GCC_WARN_64_TO_32_BIT_CONVERSION = YES;
				GCC_WARN_ABOUT_RETURN_TYPE = YES_ERROR;
				GCC_WARN_UNDECLARED_SELECTOR = YES;
				GCC_WARN_UNINITIALIZED_AUTOS = YES_AGGRESSIVE;
				GCC_WARN_UNUSED_FUNCTION = YES;
				GCC_WARN_UNUSED_VARIABLE = YES;
				IPHONEOS_DEPLOYMENT_TARGET = 16.4;
				MTL_ENABLE_DEBUG_INFO = NO;
				MTL_FAST_MATH = YES;
				SDKROOT = iphoneos;
				SWIFT_COMPILATION_MODE = wholemodule;
				SWIFT_OPTIMIZATION_LEVEL = "-O";
				VALIDATE_PRODUCT = YES;
			};
			name = Release;
		};
		02D2C5022AA889E500B8F0A6 /* Debug */ = {
			isa = XCBuildConfiguration;
			buildSettings = {
				ASSETCATALOG_COMPILER_APPICON_NAME = AppIcon;
				ASSETCATALOG_COMPILER_GLOBAL_ACCENT_COLOR_NAME = AccentColor;
				CODE_SIGN_STYLE = Automatic;
				CURRENT_PROJECT_VERSION = 1;
				DEVELOPMENT_TEAM = 723HTEFHBA;
				GENERATE_INFOPLIST_FILE = YES;
				INFOPLIST_FILE = CleanStore/Info.plist;
				INFOPLIST_KEY_UIApplicationSupportsIndirectInputEvents = YES;
				INFOPLIST_KEY_UILaunchStoryboardName = LaunchScreen;
				INFOPLIST_KEY_UISupportedInterfaceOrientations_iPad = "UIInterfaceOrientationPortrait UIInterfaceOrientationPortraitUpsideDown UIInterfaceOrientationLandscapeLeft UIInterfaceOrientationLandscapeRight";
				INFOPLIST_KEY_UISupportedInterfaceOrientations_iPhone = "UIInterfaceOrientationPortrait UIInterfaceOrientationLandscapeLeft UIInterfaceOrientationLandscapeRight";
				LD_RUNPATH_SEARCH_PATHS = (
					"$(inherited)",
					"@executable_path/Frameworks",
				);
				MARKETING_VERSION = 1.0;
				PRODUCT_BUNDLE_IDENTIFIER = ru.fibeapp.CleanStore;
				PRODUCT_NAME = "$(TARGET_NAME)";
				SWIFT_EMIT_LOC_STRINGS = YES;
				SWIFT_VERSION = 5.0;
				TARGETED_DEVICE_FAMILY = "1,2";
			};
			name = Debug;
		};
		02D2C5032AA889E500B8F0A6 /* Release */ = {
			isa = XCBuildConfiguration;
			buildSettings = {
				ASSETCATALOG_COMPILER_APPICON_NAME = AppIcon;
				ASSETCATALOG_COMPILER_GLOBAL_ACCENT_COLOR_NAME = AccentColor;
				CODE_SIGN_STYLE = Automatic;
				CURRENT_PROJECT_VERSION = 1;
				DEVELOPMENT_TEAM = 723HTEFHBA;
				GENERATE_INFOPLIST_FILE = YES;
				INFOPLIST_FILE = CleanStore/Info.plist;
				INFOPLIST_KEY_UIApplicationSupportsIndirectInputEvents = YES;
				INFOPLIST_KEY_UILaunchStoryboardName = LaunchScreen;
				INFOPLIST_KEY_UISupportedInterfaceOrientations_iPad = "UIInterfaceOrientationPortrait UIInterfaceOrientationPortraitUpsideDown UIInterfaceOrientationLandscapeLeft UIInterfaceOrientationLandscapeRight";
				INFOPLIST_KEY_UISupportedInterfaceOrientations_iPhone = "UIInterfaceOrientationPortrait UIInterfaceOrientationLandscapeLeft UIInterfaceOrientationLandscapeRight";
				LD_RUNPATH_SEARCH_PATHS = (
					"$(inherited)",
					"@executable_path/Frameworks",
				);
				MARKETING_VERSION = 1.0;
				PRODUCT_BUNDLE_IDENTIFIER = ru.fibeapp.CleanStore;
				PRODUCT_NAME = "$(TARGET_NAME)";
				SWIFT_EMIT_LOC_STRINGS = YES;
				SWIFT_VERSION = 5.0;
				TARGETED_DEVICE_FAMILY = "1,2";
			};
			name = Release;
		};
/* End XCBuildConfiguration section */

/* Begin XCConfigurationList section */
		02D2C4E82AA889E400B8F0A6 /* Build configuration list for PBXProject "CleanStore" */ = {
			isa = XCConfigurationList;
			buildConfigurations = (
				02D2C4FF2AA889E500B8F0A6 /* Debug */,
				02D2C5002AA889E500B8F0A6 /* Release */,
			);
			defaultConfigurationIsVisible = 0;
			defaultConfigurationName = Release;
		};
		02D2C5012AA889E500B8F0A6 /* Build configuration list for PBXNativeTarget "CleanStore" */ = {
			isa = XCConfigurationList;
			buildConfigurations = (
				02D2C5022AA889E500B8F0A6 /* Debug */,
				02D2C5032AA889E500B8F0A6 /* Release */,
			);
			defaultConfigurationIsVisible = 0;
			defaultConfigurationName = Release;
		};
/* End XCConfigurationList section */
	};
	rootObject = 02D2C4E52AA889E400B8F0A6 /* Project object */;
}
